// !$*UTF8*$!
{
	archiveVersion = 1;
	classes = {
	};
	objectVersion = 60;
	objects = {

/* Begin PBXBuildFile section */
		A422EBF32B4DB9BC00716981 /* TabBarController.swift in Sources */ = {isa = PBXBuildFile; fileRef = A422EBF22B4DB9BC00716981 /* TabBarController.swift */; };
		A422EBF52B4DBC0A00716981 /* StatisticsViewController.swift in Sources */ = {isa = PBXBuildFile; fileRef = A422EBF42B4DBC0A00716981 /* StatisticsViewController.swift */; };
		A422EBF92B4DC4B800716981 /* Tracker.swift in Sources */ = {isa = PBXBuildFile; fileRef = A422EBF82B4DC4B800716981 /* Tracker.swift */; };
		A422EBFC2B4DC7B300716981 /* UIView+Ext.swift in Sources */ = {isa = PBXBuildFile; fileRef = A422EBFB2B4DC7B300716981 /* UIView+Ext.swift */; };
		A425A2D62B59B4730060FDCF /* ScheduleViewController.swift in Sources */ = {isa = PBXBuildFile; fileRef = A425A2D52B59B4730060FDCF /* ScheduleViewController.swift */; };
		A425A2D82B59BA250060FDCF /* ScheduleTableViewCell.swift in Sources */ = {isa = PBXBuildFile; fileRef = A425A2D72B59BA250060FDCF /* ScheduleTableViewCell.swift */; };
		A433C9A42B594D5800D0BCC2 /* CreationTrackerViewController.swift in Sources */ = {isa = PBXBuildFile; fileRef = A433C9A32B594D5800D0BCC2 /* CreationTrackerViewController.swift */; };
		A43CDEA62B4C000E002D0064 /* AppDelegate.swift in Sources */ = {isa = PBXBuildFile; fileRef = A43CDEA52B4C000E002D0064 /* AppDelegate.swift */; };
		A43CDEA82B4C000E002D0064 /* SceneDelegate.swift in Sources */ = {isa = PBXBuildFile; fileRef = A43CDEA72B4C000E002D0064 /* SceneDelegate.swift */; };
		A43CDEAA2B4C000E002D0064 /* TrackersViewController.swift in Sources */ = {isa = PBXBuildFile; fileRef = A43CDEA92B4C000E002D0064 /* TrackersViewController.swift */; };
		A43CDEAF2B4C000F002D0064 /* Assets.xcassets in Resources */ = {isa = PBXBuildFile; fileRef = A43CDEAE2B4C000F002D0064 /* Assets.xcassets */; };
		A43CDEB22B4C000F002D0064 /* LaunchScreen.storyboard in Resources */ = {isa = PBXBuildFile; fileRef = A43CDEB02B4C000F002D0064 /* LaunchScreen.storyboard */; };
		A451761B2B665A050036C113 /* Model.xcdatamodeld in Sources */ = {isa = PBXBuildFile; fileRef = A45176192B665A050036C113 /* Model.xcdatamodeld */; };
		A451761F2B665CDE0036C113 /* DaysValueTransformer.swift in Sources */ = {isa = PBXBuildFile; fileRef = A451761E2B665CDE0036C113 /* DaysValueTransformer.swift */; };
		A45181742B52D5BB002B34C9 /* ModalChoiceViewController.swift in Sources */ = {isa = PBXBuildFile; fileRef = A45181732B52D5BB002B34C9 /* ModalChoiceViewController.swift */; };
		A45183B22B8618CC00211682 /* CategoriesViewController.swift in Sources */ = {isa = PBXBuildFile; fileRef = A45183B12B8618CC00211682 /* CategoriesViewController.swift */; };
		A45183B42B862AE100211682 /* CategoriesSupplementaryViewController.swift in Sources */ = {isa = PBXBuildFile; fileRef = A45183B32B862AE100211682 /* CategoriesSupplementaryViewController.swift */; };
		A45183B62B863BD700211682 /* UIViewController+Ext.swift in Sources */ = {isa = PBXBuildFile; fileRef = A45183B52B863BD700211682 /* UIViewController+Ext.swift */; };
		A45839032B5329260066E02A /* Date+Ext.swift in Sources */ = {isa = PBXBuildFile; fileRef = A45839022B5329260066E02A /* Date+Ext.swift */; };
		A461054C2B624B9100E92C61 /* IconPaletteResources.swift in Sources */ = {isa = PBXBuildFile; fileRef = A461054B2B624B9100E92C61 /* IconPaletteResources.swift */; };
		A462D2DA2B988DE900841EA5 /* SnapKit in Frameworks */ = {isa = PBXBuildFile; productRef = A462D2D92B988DE900841EA5 /* SnapKit */; };
		A4750DF92B837AA000A005A4 /* TrackerPageViewController.swift in Sources */ = {isa = PBXBuildFile; fileRef = A4750DF82B837AA000A005A4 /* TrackerPageViewController.swift */; };
		A4750DFB2B837AD900A005A4 /* UserDefaults+Ext.swift in Sources */ = {isa = PBXBuildFile; fileRef = A4750DFA2B837AD900A005A4 /* UserDefaults+Ext.swift */; };
		A4750DFD2B837D5F00A005A4 /* OnboardingViewController.swift in Sources */ = {isa = PBXBuildFile; fileRef = A4750DFC2B837D5F00A005A4 /* OnboardingViewController.swift */; };
		A48E70502B74E28A002F6EEE /* TrackerStore.swift in Sources */ = {isa = PBXBuildFile; fileRef = A48E704F2B74E28A002F6EEE /* TrackerStore.swift */; };
		A48E70522B74E2D0002F6EEE /* TrackerCategoryStore.swift in Sources */ = {isa = PBXBuildFile; fileRef = A48E70512B74E2D0002F6EEE /* TrackerCategoryStore.swift */; };
		A48E70542B74E355002F6EEE /* TrackerRecordStore.swift in Sources */ = {isa = PBXBuildFile; fileRef = A48E70532B74E355002F6EEE /* TrackerRecordStore.swift */; };
		A4A05ADC2B5ADDEA00809D16 /* DaysOfWeek.swift in Sources */ = {isa = PBXBuildFile; fileRef = A4A05ADB2B5ADDEA00809D16 /* DaysOfWeek.swift */; };
		A4A05ADE2B5AE0A600809D16 /* MockData.swift in Sources */ = {isa = PBXBuildFile; fileRef = A4A05ADD2B5AE0A600809D16 /* MockData.swift */; };
		A4A111702B625F4E0080B57A /* IconPalleteCollectionViewCell.swift in Sources */ = {isa = PBXBuildFile; fileRef = A4A1116F2B625F4E0080B57A /* IconPalleteCollectionViewCell.swift */; };
		A4BE1E392B6FAB6A00861B42 /* UIColorMarshalling.swift in Sources */ = {isa = PBXBuildFile; fileRef = A4BE1E382B6FAB6A00861B42 /* UIColorMarshalling.swift */; };
		A4D368202B528FB200BFD1EA /* TrackerCollectionViewCell.swift in Sources */ = {isa = PBXBuildFile; fileRef = A4D3681F2B528FB200BFD1EA /* TrackerCollectionViewCell.swift */; };
		A4D368222B52A16900BFD1EA /* TrackerSupplementaryView.swift in Sources */ = {isa = PBXBuildFile; fileRef = A4D368212B52A16900BFD1EA /* TrackerSupplementaryView.swift */; };
		A4D9D4AA2B867ED0006AEDED /* CategoriesViewModel.swift in Sources */ = {isa = PBXBuildFile; fileRef = A4D9D4A92B867ED0006AEDED /* CategoriesViewModel.swift */; };
		A4DC7E5A2B628D8300FC6DD4 /* IconPaletteColorCollectionViewCell.swift in Sources */ = {isa = PBXBuildFile; fileRef = A4DC7E592B628D8300FC6DD4 /* IconPaletteColorCollectionViewCell.swift */; };
		A4E0E1742B87B4EB00F92106 /* Notification.Name+Ext.swift in Sources */ = {isa = PBXBuildFile; fileRef = A4E0E1732B87B4EB00F92106 /* Notification.Name+Ext.swift */; };
		A4E793002B849D8000196C02 /* TrackersViewModel.swift in Sources */ = {isa = PBXBuildFile; fileRef = A4E792FF2B849D8000196C02 /* TrackersViewModel.swift */; };
		A4E793022B849DA100196C02 /* Binding.swift in Sources */ = {isa = PBXBuildFile; fileRef = A4E793012B849DA100196C02 /* Binding.swift */; };
		A4E9D5292B4FCFF1002FCDDC /* TrackerCategory.swift in Sources */ = {isa = PBXBuildFile; fileRef = A4E9D5282B4FCFF1002FCDDC /* TrackerCategory.swift */; };
		A4E9D52B2B4FD010002FCDDC /* TrackerRecord.swift in Sources */ = {isa = PBXBuildFile; fileRef = A4E9D52A2B4FD010002FCDDC /* TrackerRecord.swift */; };
		A4F95FD82B90913000E9D2E1 /* Localizable.stringsdict in Resources */ = {isa = PBXBuildFile; fileRef = A4F95FDA2B90913000E9D2E1 /* Localizable.stringsdict */; };
		A4F95FE52B90A00200E9D2E1 /* .gitignore in Resources */ = {isa = PBXBuildFile; fileRef = A4F95FE42B90A00200E9D2E1 /* .gitignore */; };
		A4F95FE82B90B1DD00E9D2E1 /* Localizable.strings in Resources */ = {isa = PBXBuildFile; fileRef = A4F95FEA2B90B1DD00E9D2E1 /* Localizable.strings */; };
		B6B4E3AAB5342A8E2C91D2E3 /* Pods_Tracker.framework in Frameworks */ = {isa = PBXBuildFile; fileRef = 1830C8FFC350B691F1A0B8E1 /* Pods_Tracker.framework */; };
/* End PBXBuildFile section */

/* Begin PBXFileReference section */
		1830C8FFC350B691F1A0B8E1 /* Pods_Tracker.framework */ = {isa = PBXFileReference; explicitFileType = wrapper.framework; includeInIndex = 0; path = Pods_Tracker.framework; sourceTree = BUILT_PRODUCTS_DIR; };
		A422EBF22B4DB9BC00716981 /* TabBarController.swift */ = {isa = PBXFileReference; lastKnownFileType = sourcecode.swift; path = TabBarController.swift; sourceTree = "<group>"; };
		A422EBF42B4DBC0A00716981 /* StatisticsViewController.swift */ = {isa = PBXFileReference; lastKnownFileType = sourcecode.swift; path = StatisticsViewController.swift; sourceTree = "<group>"; };
		A422EBF82B4DC4B800716981 /* Tracker.swift */ = {isa = PBXFileReference; lastKnownFileType = sourcecode.swift; path = Tracker.swift; sourceTree = "<group>"; };
		A422EBFB2B4DC7B300716981 /* UIView+Ext.swift */ = {isa = PBXFileReference; lastKnownFileType = sourcecode.swift; path = "UIView+Ext.swift"; sourceTree = "<group>"; };
		A425A2D52B59B4730060FDCF /* ScheduleViewController.swift */ = {isa = PBXFileReference; lastKnownFileType = sourcecode.swift; path = ScheduleViewController.swift; sourceTree = "<group>"; };
		A425A2D72B59BA250060FDCF /* ScheduleTableViewCell.swift */ = {isa = PBXFileReference; lastKnownFileType = sourcecode.swift; path = ScheduleTableViewCell.swift; sourceTree = "<group>"; };
		A433C9A32B594D5800D0BCC2 /* CreationTrackerViewController.swift */ = {isa = PBXFileReference; lastKnownFileType = sourcecode.swift; path = CreationTrackerViewController.swift; sourceTree = "<group>"; };
		A43CDEA22B4C000E002D0064 /* Tracker.app */ = {isa = PBXFileReference; explicitFileType = wrapper.application; includeInIndex = 0; path = Tracker.app; sourceTree = BUILT_PRODUCTS_DIR; };
		A43CDEA52B4C000E002D0064 /* AppDelegate.swift */ = {isa = PBXFileReference; lastKnownFileType = sourcecode.swift; path = AppDelegate.swift; sourceTree = "<group>"; };
		A43CDEA72B4C000E002D0064 /* SceneDelegate.swift */ = {isa = PBXFileReference; lastKnownFileType = sourcecode.swift; path = SceneDelegate.swift; sourceTree = "<group>"; };
		A43CDEA92B4C000E002D0064 /* TrackersViewController.swift */ = {isa = PBXFileReference; lastKnownFileType = sourcecode.swift; path = TrackersViewController.swift; sourceTree = "<group>"; };
		A43CDEAE2B4C000F002D0064 /* Assets.xcassets */ = {isa = PBXFileReference; lastKnownFileType = folder.assetcatalog; path = Assets.xcassets; sourceTree = "<group>"; };
		A43CDEB12B4C000F002D0064 /* Base */ = {isa = PBXFileReference; lastKnownFileType = file.storyboard; name = Base; path = Base.lproj/LaunchScreen.storyboard; sourceTree = "<group>"; };
		A43CDEB32B4C000F002D0064 /* Info.plist */ = {isa = PBXFileReference; lastKnownFileType = text.plist.xml; path = Info.plist; sourceTree = "<group>"; };
		A451761A2B665A050036C113 /* Model.xcdatamodel */ = {isa = PBXFileReference; lastKnownFileType = wrapper.xcdatamodel; path = Model.xcdatamodel; sourceTree = "<group>"; };
		A451761E2B665CDE0036C113 /* DaysValueTransformer.swift */ = {isa = PBXFileReference; lastKnownFileType = sourcecode.swift; path = DaysValueTransformer.swift; sourceTree = "<group>"; };
		A45181732B52D5BB002B34C9 /* ModalChoiceViewController.swift */ = {isa = PBXFileReference; lastKnownFileType = sourcecode.swift; path = ModalChoiceViewController.swift; sourceTree = "<group>"; };
		A45183B12B8618CC00211682 /* CategoriesViewController.swift */ = {isa = PBXFileReference; lastKnownFileType = sourcecode.swift; path = CategoriesViewController.swift; sourceTree = "<group>"; };
		A45183B32B862AE100211682 /* CategoriesSupplementaryViewController.swift */ = {isa = PBXFileReference; lastKnownFileType = sourcecode.swift; path = CategoriesSupplementaryViewController.swift; sourceTree = "<group>"; };
		A45183B52B863BD700211682 /* UIViewController+Ext.swift */ = {isa = PBXFileReference; lastKnownFileType = sourcecode.swift; path = "UIViewController+Ext.swift"; sourceTree = "<group>"; };
		A45839022B5329260066E02A /* Date+Ext.swift */ = {isa = PBXFileReference; lastKnownFileType = sourcecode.swift; path = "Date+Ext.swift"; sourceTree = "<group>"; };
		A461054B2B624B9100E92C61 /* IconPaletteResources.swift */ = {isa = PBXFileReference; lastKnownFileType = sourcecode.swift; path = IconPaletteResources.swift; sourceTree = "<group>"; };
		A4750DF82B837AA000A005A4 /* TrackerPageViewController.swift */ = {isa = PBXFileReference; lastKnownFileType = sourcecode.swift; path = TrackerPageViewController.swift; sourceTree = "<group>"; };
		A4750DFA2B837AD900A005A4 /* UserDefaults+Ext.swift */ = {isa = PBXFileReference; lastKnownFileType = sourcecode.swift; path = "UserDefaults+Ext.swift"; sourceTree = "<group>"; };
		A4750DFC2B837D5F00A005A4 /* OnboardingViewController.swift */ = {isa = PBXFileReference; lastKnownFileType = sourcecode.swift; path = OnboardingViewController.swift; sourceTree = "<group>"; };
		A48E704F2B74E28A002F6EEE /* TrackerStore.swift */ = {isa = PBXFileReference; lastKnownFileType = sourcecode.swift; path = TrackerStore.swift; sourceTree = "<group>"; };
		A48E70512B74E2D0002F6EEE /* TrackerCategoryStore.swift */ = {isa = PBXFileReference; lastKnownFileType = sourcecode.swift; path = TrackerCategoryStore.swift; sourceTree = "<group>"; };
		A48E70532B74E355002F6EEE /* TrackerRecordStore.swift */ = {isa = PBXFileReference; lastKnownFileType = sourcecode.swift; path = TrackerRecordStore.swift; sourceTree = "<group>"; };
		A4A05ADB2B5ADDEA00809D16 /* DaysOfWeek.swift */ = {isa = PBXFileReference; lastKnownFileType = sourcecode.swift; path = DaysOfWeek.swift; sourceTree = "<group>"; };
		A4A05ADD2B5AE0A600809D16 /* MockData.swift */ = {isa = PBXFileReference; lastKnownFileType = sourcecode.swift; path = MockData.swift; sourceTree = "<group>"; };
		A4A1116F2B625F4E0080B57A /* IconPalleteCollectionViewCell.swift */ = {isa = PBXFileReference; lastKnownFileType = sourcecode.swift; path = IconPalleteCollectionViewCell.swift; sourceTree = "<group>"; };
		A4BE1E382B6FAB6A00861B42 /* UIColorMarshalling.swift */ = {isa = PBXFileReference; lastKnownFileType = sourcecode.swift; path = UIColorMarshalling.swift; sourceTree = "<group>"; };
		A4D3681F2B528FB200BFD1EA /* TrackerCollectionViewCell.swift */ = {isa = PBXFileReference; lastKnownFileType = sourcecode.swift; path = TrackerCollectionViewCell.swift; sourceTree = "<group>"; };
		A4D368212B52A16900BFD1EA /* TrackerSupplementaryView.swift */ = {isa = PBXFileReference; lastKnownFileType = sourcecode.swift; path = TrackerSupplementaryView.swift; sourceTree = "<group>"; };
		A4D9D4A92B867ED0006AEDED /* CategoriesViewModel.swift */ = {isa = PBXFileReference; lastKnownFileType = sourcecode.swift; path = CategoriesViewModel.swift; sourceTree = "<group>"; };
		A4DC7E592B628D8300FC6DD4 /* IconPaletteColorCollectionViewCell.swift */ = {isa = PBXFileReference; lastKnownFileType = sourcecode.swift; path = IconPaletteColorCollectionViewCell.swift; sourceTree = "<group>"; };
		A4E0E1732B87B4EB00F92106 /* Notification.Name+Ext.swift */ = {isa = PBXFileReference; lastKnownFileType = sourcecode.swift; path = "Notification.Name+Ext.swift"; sourceTree = "<group>"; };
		A4E792FF2B849D8000196C02 /* TrackersViewModel.swift */ = {isa = PBXFileReference; lastKnownFileType = sourcecode.swift; path = TrackersViewModel.swift; sourceTree = "<group>"; };
		A4E793012B849DA100196C02 /* Binding.swift */ = {isa = PBXFileReference; lastKnownFileType = sourcecode.swift; path = Binding.swift; sourceTree = "<group>"; };
		A4E9D5282B4FCFF1002FCDDC /* TrackerCategory.swift */ = {isa = PBXFileReference; lastKnownFileType = sourcecode.swift; path = TrackerCategory.swift; sourceTree = "<group>"; };
		A4E9D52A2B4FD010002FCDDC /* TrackerRecord.swift */ = {isa = PBXFileReference; lastKnownFileType = sourcecode.swift; path = TrackerRecord.swift; sourceTree = "<group>"; };
		A4F95FD72B90912A00E9D2E1 /* ru */ = {isa = PBXFileReference; lastKnownFileType = text.plist.strings; name = ru; path = ru.lproj/LaunchScreen.strings; sourceTree = "<group>"; };
		A4F95FD92B90913000E9D2E1 /* en */ = {isa = PBXFileReference; lastKnownFileType = text.plist.stringsdict; name = en; path = en.lproj/Localizable.stringsdict; sourceTree = "<group>"; };
		A4F95FDB2B90913100E9D2E1 /* ru */ = {isa = PBXFileReference; lastKnownFileType = text.plist.stringsdict; name = ru; path = ru.lproj/Localizable.stringsdict; sourceTree = "<group>"; };
		A4F95FE42B90A00200E9D2E1 /* .gitignore */ = {isa = PBXFileReference; fileEncoding = 4; lastKnownFileType = text; path = .gitignore; sourceTree = "<group>"; };
		A4F95FE92B90B1DD00E9D2E1 /* en */ = {isa = PBXFileReference; lastKnownFileType = text.plist.strings; name = en; path = en.lproj/Localizable.strings; sourceTree = "<group>"; };
		A4F95FEB2B90B1DF00E9D2E1 /* ru */ = {isa = PBXFileReference; lastKnownFileType = text.plist.strings; name = ru; path = ru.lproj/Localizable.strings; sourceTree = "<group>"; };
		DB777CE7773EBAEDB99A800F /* Pods-Tracker.release.xcconfig */ = {isa = PBXFileReference; includeInIndex = 1; lastKnownFileType = text.xcconfig; name = "Pods-Tracker.release.xcconfig"; path = "Target Support Files/Pods-Tracker/Pods-Tracker.release.xcconfig"; sourceTree = "<group>"; };
		F68662646A3710FBEB5E5B23 /* Pods-Tracker.debug.xcconfig */ = {isa = PBXFileReference; includeInIndex = 1; lastKnownFileType = text.xcconfig; name = "Pods-Tracker.debug.xcconfig"; path = "Target Support Files/Pods-Tracker/Pods-Tracker.debug.xcconfig"; sourceTree = "<group>"; };
/* End PBXFileReference section */

/* Begin PBXFrameworksBuildPhase section */
		A43CDE9F2B4C000E002D0064 /* Frameworks */ = {
			isa = PBXFrameworksBuildPhase;
			buildActionMask = 2147483647;
			files = (
				B6B4E3AAB5342A8E2C91D2E3 /* Pods_Tracker.framework in Frameworks */,
				A462D2DA2B988DE900841EA5 /* SnapKit in Frameworks */,
			);
			runOnlyForDeploymentPostprocessing = 0;
		};
/* End PBXFrameworksBuildPhase section */

/* Begin PBXGroup section */
		53EE0969292AE1EB9A5A4B10 /* Frameworks */ = {
			isa = PBXGroup;
			children = (
				1830C8FFC350B691F1A0B8E1 /* Pods_Tracker.framework */,
			);
			name = Frameworks;
			sourceTree = "<group>";
		};
		A422EBF12B4DAEAB00716981 /* Support */ = {
			isa = PBXGroup;
			children = (
				A43CDEA52B4C000E002D0064 /* AppDelegate.swift */,
				A43CDEA72B4C000E002D0064 /* SceneDelegate.swift */,
				A43CDEAE2B4C000F002D0064 /* Assets.xcassets */,
				A43CDEB02B4C000F002D0064 /* LaunchScreen.storyboard */,
			);
			path = Support;
			sourceTree = "<group>";
		};
		A422EBF62B4DBC5F00716981 /* Views & VCs */ = {
			isa = PBXGroup;
			children = (
				A433C9A82B594E0800D0BCC2 /* Views */,
				A433C9A72B594DFD00D0BCC2 /* Cells */,
				A433C9A52B594D9C00D0BCC2 /* TabBarControllers */,
			);
			path = "Views & VCs";
			sourceTree = "<group>";
		};
		A422EBF72B4DBC7E00716981 /* Screens */ = {
			isa = PBXGroup;
			children = (
				A4F95FD32B908C1000E9D2E1 /* ModalVC */,
				A4750DF72B837A6B00A005A4 /* Onboarding */,
				A43CDEA92B4C000E002D0064 /* TrackersViewController.swift */,
				A422EBF42B4DBC0A00716981 /* StatisticsViewController.swift */,
			);
			path = Screens;
			sourceTree = "<group>";
		};
		A422EBFA2B4DC7A900716981 /* Extensions */ = {
			isa = PBXGroup;
			children = (
				A422EBFB2B4DC7B300716981 /* UIView+Ext.swift */,
				A45839022B5329260066E02A /* Date+Ext.swift */,
				A4750DFA2B837AD900A005A4 /* UserDefaults+Ext.swift */,
				A45183B52B863BD700211682 /* UIViewController+Ext.swift */,
				A4E0E1732B87B4EB00F92106 /* Notification.Name+Ext.swift */,
			);
			path = Extensions;
			sourceTree = "<group>";
		};
		A422EBFF2B4DCB8400716981 /* Models */ = {
			isa = PBXGroup;
			children = (
				A422EBF82B4DC4B800716981 /* Tracker.swift */,
				A4E9D5282B4FCFF1002FCDDC /* TrackerCategory.swift */,
				A4E9D52A2B4FD010002FCDDC /* TrackerRecord.swift */,
				A4A05ADB2B5ADDEA00809D16 /* DaysOfWeek.swift */,
				A4A05ADD2B5AE0A600809D16 /* MockData.swift */,
				A461054B2B624B9100E92C61 /* IconPaletteResources.swift */,
			);
			path = Models;
			sourceTree = "<group>";
		};
		A433C9A52B594D9C00D0BCC2 /* TabBarControllers */ = {
			isa = PBXGroup;
			children = (
				A422EBF22B4DB9BC00716981 /* TabBarController.swift */,
			);
			path = TabBarControllers;
			sourceTree = "<group>";
		};
		A433C9A62B594DCF00D0BCC2 /* Creation VCs */ = {
			isa = PBXGroup;
			children = (
				A45183B02B8618A100211682 /* CategoriesVCs */,
				A433C9A32B594D5800D0BCC2 /* CreationTrackerViewController.swift */,
				A45181732B52D5BB002B34C9 /* ModalChoiceViewController.swift */,
				A425A2D52B59B4730060FDCF /* ScheduleViewController.swift */,
			);
			path = "Creation VCs";
			sourceTree = "<group>";
		};
		A433C9A72B594DFD00D0BCC2 /* Cells */ = {
			isa = PBXGroup;
			children = (
				A425A2D72B59BA250060FDCF /* ScheduleTableViewCell.swift */,
				A4D3681F2B528FB200BFD1EA /* TrackerCollectionViewCell.swift */,
				A4A1116F2B625F4E0080B57A /* IconPalleteCollectionViewCell.swift */,
				A4DC7E592B628D8300FC6DD4 /* IconPaletteColorCollectionViewCell.swift */,
			);
			path = Cells;
			sourceTree = "<group>";
		};
		A433C9A82B594E0800D0BCC2 /* Views */ = {
			isa = PBXGroup;
			children = (
				A4D368212B52A16900BFD1EA /* TrackerSupplementaryView.swift */,
			);
			path = Views;
			sourceTree = "<group>";
		};
		A43CDE992B4C000E002D0064 = {
			isa = PBXGroup;
			children = (
				A4F95FE42B90A00200E9D2E1 /* .gitignore */,
				A43CDEA42B4C000E002D0064 /* Tracker */,
				A43CDEA32B4C000E002D0064 /* Products */,
				E15556D1DAB5D8F7AB9064FC /* Pods */,
				53EE0969292AE1EB9A5A4B10 /* Frameworks */,
			);
			sourceTree = "<group>";
		};
		A43CDEA32B4C000E002D0064 /* Products */ = {
			isa = PBXGroup;
			children = (
				A43CDEA22B4C000E002D0064 /* Tracker.app */,
			);
			name = Products;
			sourceTree = "<group>";
		};
		A43CDEA42B4C000E002D0064 /* Tracker */ = {
			isa = PBXGroup;
			children = (
				A4F95FD42B90910600E9D2E1 /* Resources */,
				A4E792FE2B849D6100196C02 /* ViewModels */,
				A451761D2B665CD20036C113 /* Utilities */,
				A451761C2B665A120036C113 /* Core Data */,
				A422EBFF2B4DCB8400716981 /* Models */,
				A422EBFA2B4DC7A900716981 /* Extensions */,
				A422EBF72B4DBC7E00716981 /* Screens */,
				A422EBF62B4DBC5F00716981 /* Views & VCs */,
				A422EBF12B4DAEAB00716981 /* Support */,
				A43CDEB32B4C000F002D0064 /* Info.plist */,
			);
			path = Tracker;
			sourceTree = "<group>";
		};
		A451761C2B665A120036C113 /* Core Data */ = {
			isa = PBXGroup;
			children = (
				A45176192B665A050036C113 /* Model.xcdatamodeld */,
				A48E704F2B74E28A002F6EEE /* TrackerStore.swift */,
				A48E70512B74E2D0002F6EEE /* TrackerCategoryStore.swift */,
				A48E70532B74E355002F6EEE /* TrackerRecordStore.swift */,
			);
			path = "Core Data";
			sourceTree = "<group>";
		};
		A451761D2B665CD20036C113 /* Utilities */ = {
			isa = PBXGroup;
			children = (
				A4BE1E382B6FAB6A00861B42 /* UIColorMarshalling.swift */,
				A451761E2B665CDE0036C113 /* DaysValueTransformer.swift */,
			);
			path = Utilities;
			sourceTree = "<group>";
		};
		A45183B02B8618A100211682 /* CategoriesVCs */ = {
			isa = PBXGroup;
			children = (
				A45183B12B8618CC00211682 /* CategoriesViewController.swift */,
				A45183B32B862AE100211682 /* CategoriesSupplementaryViewController.swift */,
			);
			path = CategoriesVCs;
			sourceTree = "<group>";
		};
		A4750DF72B837A6B00A005A4 /* Onboarding */ = {
			isa = PBXGroup;
			children = (
				A4750DF82B837AA000A005A4 /* TrackerPageViewController.swift */,
				A4750DFC2B837D5F00A005A4 /* OnboardingViewController.swift */,
			);
			path = Onboarding;
			sourceTree = "<group>";
		};
		A4E792FE2B849D6100196C02 /* ViewModels */ = {
			isa = PBXGroup;
			children = (
				A4E792FF2B849D8000196C02 /* TrackersViewModel.swift */,
				A4E793012B849DA100196C02 /* Binding.swift */,
				A4D9D4A92B867ED0006AEDED /* CategoriesViewModel.swift */,
			);
			path = ViewModels;
			sourceTree = "<group>";
		};
		A4F95FD32B908C1000E9D2E1 /* ModalVC */ = {
			isa = PBXGroup;
			children = (
				A433C9A62B594DCF00D0BCC2 /* Creation VCs */,
			);
			path = ModalVC;
			sourceTree = "<group>";
		};
		A4F95FD42B90910600E9D2E1 /* Resources */ = {
			isa = PBXGroup;
			children = (
				A4F95FDA2B90913000E9D2E1 /* Localizable.stringsdict */,
				A4F95FEA2B90B1DD00E9D2E1 /* Localizable.strings */,
			);
			path = Resources;
			sourceTree = "<group>";
		};
		E15556D1DAB5D8F7AB9064FC /* Pods */ = {
			isa = PBXGroup;
			children = (
				F68662646A3710FBEB5E5B23 /* Pods-Tracker.debug.xcconfig */,
				DB777CE7773EBAEDB99A800F /* Pods-Tracker.release.xcconfig */,
			);
			path = Pods;
			sourceTree = "<group>";
		};
/* End PBXGroup section */

/* Begin PBXNativeTarget section */
		A43CDEA12B4C000E002D0064 /* Tracker */ = {
			isa = PBXNativeTarget;
			buildConfigurationList = A43CDEB62B4C000F002D0064 /* Build configuration list for PBXNativeTarget "Tracker" */;
			buildPhases = (
				88C2FD02A941E65E4FC6B2EF /* [CP] Check Pods Manifest.lock */,
				A43CDE9E2B4C000E002D0064 /* Sources */,
				A43CDE9F2B4C000E002D0064 /* Frameworks */,
				A43CDEA02B4C000E002D0064 /* Resources */,
				0091ED72AC45301E36CC727D /* [CP] Embed Pods Frameworks */,
			);
			buildRules = (
			);
			dependencies = (
			);
			name = Tracker;
			packageProductDependencies = (
				A462D2D92B988DE900841EA5 /* SnapKit */,
			);
			productName = Tracker;
			productReference = A43CDEA22B4C000E002D0064 /* Tracker.app */;
			productType = "com.apple.product-type.application";
		};
/* End PBXNativeTarget section */

/* Begin PBXProject section */
		A43CDE9A2B4C000E002D0064 /* Project object */ = {
			isa = PBXProject;
			attributes = {
				BuildIndependentTargetsInParallel = 1;
				LastSwiftUpdateCheck = 1510;
				LastUpgradeCheck = 1510;
				TargetAttributes = {
					A43CDEA12B4C000E002D0064 = {
						CreatedOnToolsVersion = 15.1;
					};
				};
			};
			buildConfigurationList = A43CDE9D2B4C000E002D0064 /* Build configuration list for PBXProject "Tracker" */;
			compatibilityVersion = "Xcode 15.0";
			developmentRegion = en;
			hasScannedForEncodings = 0;
			knownRegions = (
				en,
				Base,
				ru,
			);
			mainGroup = A43CDE992B4C000E002D0064;
			packageReferences = (
				A462D2D82B988DE900841EA5 /* XCRemoteSwiftPackageReference "SnapKit" */,
			);
			productRefGroup = A43CDEA32B4C000E002D0064 /* Products */;
			projectDirPath = "";
			projectRoot = "";
			targets = (
				A43CDEA12B4C000E002D0064 /* Tracker */,
			);
		};
/* End PBXProject section */

/* Begin PBXResourcesBuildPhase section */
		A43CDEA02B4C000E002D0064 /* Resources */ = {
			isa = PBXResourcesBuildPhase;
			buildActionMask = 2147483647;
			files = (
				A4F95FE82B90B1DD00E9D2E1 /* Localizable.strings in Resources */,
				A4F95FE52B90A00200E9D2E1 /* .gitignore in Resources */,
				A43CDEB22B4C000F002D0064 /* LaunchScreen.storyboard in Resources */,
				A43CDEAF2B4C000F002D0064 /* Assets.xcassets in Resources */,
				A4F95FD82B90913000E9D2E1 /* Localizable.stringsdict in Resources */,
			);
			runOnlyForDeploymentPostprocessing = 0;
		};
/* End PBXResourcesBuildPhase section */

/* Begin PBXShellScriptBuildPhase section */
		0091ED72AC45301E36CC727D /* [CP] Embed Pods Frameworks */ = {
			isa = PBXShellScriptBuildPhase;
			buildActionMask = 2147483647;
			files = (
			);
			inputFileListPaths = (
				"${PODS_ROOT}/Target Support Files/Pods-Tracker/Pods-Tracker-frameworks-${CONFIGURATION}-input-files.xcfilelist",
			);
			name = "[CP] Embed Pods Frameworks";
			outputFileListPaths = (
				"${PODS_ROOT}/Target Support Files/Pods-Tracker/Pods-Tracker-frameworks-${CONFIGURATION}-output-files.xcfilelist",
			);
			runOnlyForDeploymentPostprocessing = 0;
			shellPath = /bin/sh;
			shellScript = "\"${PODS_ROOT}/Target Support Files/Pods-Tracker/Pods-Tracker-frameworks.sh\"\n";
			showEnvVarsInLog = 0;
		};
		88C2FD02A941E65E4FC6B2EF /* [CP] Check Pods Manifest.lock */ = {
			isa = PBXShellScriptBuildPhase;
			buildActionMask = 2147483647;
			files = (
			);
			inputFileListPaths = (
			);
			inputPaths = (
				"${PODS_PODFILE_DIR_PATH}/Podfile.lock",
				"${PODS_ROOT}/Manifest.lock",
			);
			name = "[CP] Check Pods Manifest.lock";
			outputFileListPaths = (
			);
			outputPaths = (
				"$(DERIVED_FILE_DIR)/Pods-Tracker-checkManifestLockResult.txt",
			);
			runOnlyForDeploymentPostprocessing = 0;
			shellPath = /bin/sh;
			shellScript = "diff \"${PODS_PODFILE_DIR_PATH}/Podfile.lock\" \"${PODS_ROOT}/Manifest.lock\" > /dev/null\nif [ $? != 0 ] ; then\n    # print error to STDERR\n    echo \"error: The sandbox is not in sync with the Podfile.lock. Run 'pod install' or update your CocoaPods installation.\" >&2\n    exit 1\nfi\n# This output is used by Xcode 'outputs' to avoid re-running this script phase.\necho \"SUCCESS\" > \"${SCRIPT_OUTPUT_FILE_0}\"\n";
			showEnvVarsInLog = 0;
		};
/* End PBXShellScriptBuildPhase section */

/* Begin PBXSourcesBuildPhase section */
		A43CDE9E2B4C000E002D0064 /* Sources */ = {
			isa = PBXSourcesBuildPhase;
			buildActionMask = 2147483647;
			files = (
				A425A2D62B59B4730060FDCF /* ScheduleViewController.swift in Sources */,
				A4D368202B528FB200BFD1EA /* TrackerCollectionViewCell.swift in Sources */,
				A422EBF92B4DC4B800716981 /* Tracker.swift in Sources */,
				A4E793022B849DA100196C02 /* Binding.swift in Sources */,
				A45183B62B863BD700211682 /* UIViewController+Ext.swift in Sources */,
				A43CDEAA2B4C000E002D0064 /* TrackersViewController.swift in Sources */,
				A4E9D5292B4FCFF1002FCDDC /* TrackerCategory.swift in Sources */,
				A4A111702B625F4E0080B57A /* IconPalleteCollectionViewCell.swift in Sources */,
				A45839032B5329260066E02A /* Date+Ext.swift in Sources */,
				A4750DFD2B837D5F00A005A4 /* OnboardingViewController.swift in Sources */,
				A422EBFC2B4DC7B300716981 /* UIView+Ext.swift in Sources */,
				A4E793002B849D8000196C02 /* TrackersViewModel.swift in Sources */,
				A48E70522B74E2D0002F6EEE /* TrackerCategoryStore.swift in Sources */,
				A4A05ADC2B5ADDEA00809D16 /* DaysOfWeek.swift in Sources */,
				A451761B2B665A050036C113 /* Model.xcdatamodeld in Sources */,
				A451761F2B665CDE0036C113 /* DaysValueTransformer.swift in Sources */,
				A4D368222B52A16900BFD1EA /* TrackerSupplementaryView.swift in Sources */,
				A422EBF52B4DBC0A00716981 /* StatisticsViewController.swift in Sources */,
				A4E9D52B2B4FD010002FCDDC /* TrackerRecord.swift in Sources */,
				A4750DFB2B837AD900A005A4 /* UserDefaults+Ext.swift in Sources */,
				A48E70502B74E28A002F6EEE /* TrackerStore.swift in Sources */,
				A43CDEA62B4C000E002D0064 /* AppDelegate.swift in Sources */,
				A433C9A42B594D5800D0BCC2 /* CreationTrackerViewController.swift in Sources */,
				A4A05ADE2B5AE0A600809D16 /* MockData.swift in Sources */,
				A45183B22B8618CC00211682 /* CategoriesViewController.swift in Sources */,
				A422EBF32B4DB9BC00716981 /* TabBarController.swift in Sources */,
				A4BE1E392B6FAB6A00861B42 /* UIColorMarshalling.swift in Sources */,
				A4E0E1742B87B4EB00F92106 /* Notification.Name+Ext.swift in Sources */,
				A43CDEA82B4C000E002D0064 /* SceneDelegate.swift in Sources */,
				A48E70542B74E355002F6EEE /* TrackerRecordStore.swift in Sources */,
				A45181742B52D5BB002B34C9 /* ModalChoiceViewController.swift in Sources */,
				A4DC7E5A2B628D8300FC6DD4 /* IconPaletteColorCollectionViewCell.swift in Sources */,
				A461054C2B624B9100E92C61 /* IconPaletteResources.swift in Sources */,
				A4750DF92B837AA000A005A4 /* TrackerPageViewController.swift in Sources */,
				A45183B42B862AE100211682 /* CategoriesSupplementaryViewController.swift in Sources */,
				A4D9D4AA2B867ED0006AEDED /* CategoriesViewModel.swift in Sources */,
				A425A2D82B59BA250060FDCF /* ScheduleTableViewCell.swift in Sources */,
			);
			runOnlyForDeploymentPostprocessing = 0;
		};
/* End PBXSourcesBuildPhase section */

/* Begin PBXVariantGroup section */
		A43CDEB02B4C000F002D0064 /* LaunchScreen.storyboard */ = {
			isa = PBXVariantGroup;
			children = (
				A43CDEB12B4C000F002D0064 /* Base */,
				A4F95FD72B90912A00E9D2E1 /* ru */,
			);
			name = LaunchScreen.storyboard;
			sourceTree = "<group>";
		};
		A4F95FDA2B90913000E9D2E1 /* Localizable.stringsdict */ = {
			isa = PBXVariantGroup;
			children = (
				A4F95FD92B90913000E9D2E1 /* en */,
				A4F95FDB2B90913100E9D2E1 /* ru */,
			);
			name = Localizable.stringsdict;
			sourceTree = "<group>";
		};
		A4F95FEA2B90B1DD00E9D2E1 /* Localizable.strings */ = {
			isa = PBXVariantGroup;
			children = (
				A4F95FE92B90B1DD00E9D2E1 /* en */,
				A4F95FEB2B90B1DF00E9D2E1 /* ru */,
			);
			name = Localizable.strings;
			sourceTree = "<group>";
		};
/* End PBXVariantGroup section */

/* Begin XCBuildConfiguration section */
		A43CDEB42B4C000F002D0064 /* Debug */ = {
			isa = XCBuildConfiguration;
			buildSettings = {
				ALWAYS_SEARCH_USER_PATHS = NO;
				ASSETCATALOG_COMPILER_GENERATE_SWIFT_ASSET_SYMBOL_EXTENSIONS = YES;
				CLANG_ANALYZER_LOCALIZABILITY_NONLOCALIZED = YES;
				CLANG_ANALYZER_NONNULL = YES;
				CLANG_ANALYZER_NUMBER_OBJECT_CONVERSION = YES_AGGRESSIVE;
				CLANG_CXX_LANGUAGE_STANDARD = "gnu++20";
				CLANG_ENABLE_MODULES = YES;
				CLANG_ENABLE_OBJC_ARC = YES;
				CLANG_ENABLE_OBJC_WEAK = YES;
				CLANG_WARN_BLOCK_CAPTURE_AUTORELEASING = YES;
				CLANG_WARN_BOOL_CONVERSION = YES;
				CLANG_WARN_COMMA = YES;
				CLANG_WARN_CONSTANT_CONVERSION = YES;
				CLANG_WARN_DEPRECATED_OBJC_IMPLEMENTATIONS = YES;
				CLANG_WARN_DIRECT_OBJC_ISA_USAGE = YES_ERROR;
				CLANG_WARN_DOCUMENTATION_COMMENTS = YES;
				CLANG_WARN_EMPTY_BODY = YES;
				CLANG_WARN_ENUM_CONVERSION = YES;
				CLANG_WARN_INFINITE_RECURSION = YES;
				CLANG_WARN_INT_CONVERSION = YES;
				CLANG_WARN_NON_LITERAL_NULL_CONVERSION = YES;
				CLANG_WARN_OBJC_IMPLICIT_RETAIN_SELF = YES;
				CLANG_WARN_OBJC_LITERAL_CONVERSION = YES;
				CLANG_WARN_OBJC_ROOT_CLASS = YES_ERROR;
				CLANG_WARN_QUOTED_INCLUDE_IN_FRAMEWORK_HEADER = YES;
				CLANG_WARN_RANGE_LOOP_ANALYSIS = YES;
				CLANG_WARN_STRICT_PROTOTYPES = YES;
				CLANG_WARN_SUSPICIOUS_MOVE = YES;
				CLANG_WARN_UNGUARDED_AVAILABILITY = YES_AGGRESSIVE;
				CLANG_WARN_UNREACHABLE_CODE = YES;
				CLANG_WARN__DUPLICATE_METHOD_MATCH = YES;
				COPY_PHASE_STRIP = NO;
				DEBUG_INFORMATION_FORMAT = dwarf;
				ENABLE_STRICT_OBJC_MSGSEND = YES;
				ENABLE_TESTABILITY = YES;
				ENABLE_USER_SCRIPT_SANDBOXING = YES;
				GCC_C_LANGUAGE_STANDARD = gnu17;
				GCC_DYNAMIC_NO_PIC = NO;
				GCC_NO_COMMON_BLOCKS = YES;
				GCC_OPTIMIZATION_LEVEL = 0;
				GCC_PREPROCESSOR_DEFINITIONS = (
					"DEBUG=1",
					"$(inherited)",
				);
				GCC_WARN_64_TO_32_BIT_CONVERSION = YES;
				GCC_WARN_ABOUT_RETURN_TYPE = YES_ERROR;
				GCC_WARN_UNDECLARED_SELECTOR = YES;
				GCC_WARN_UNINITIALIZED_AUTOS = YES_AGGRESSIVE;
				GCC_WARN_UNUSED_FUNCTION = YES;
				GCC_WARN_UNUSED_VARIABLE = YES;
				IPHONEOS_DEPLOYMENT_TARGET = 13.4;
				LOCALIZATION_PREFERS_STRING_CATALOGS = YES;
				MTL_ENABLE_DEBUG_INFO = INCLUDE_SOURCE;
				MTL_FAST_MATH = YES;
				ONLY_ACTIVE_ARCH = YES;
				SDKROOT = iphoneos;
				SWIFT_ACTIVE_COMPILATION_CONDITIONS = "DEBUG $(inherited)";
				SWIFT_OPTIMIZATION_LEVEL = "-Onone";
			};
			name = Debug;
		};
		A43CDEB52B4C000F002D0064 /* Release */ = {
			isa = XCBuildConfiguration;
			buildSettings = {
				ALWAYS_SEARCH_USER_PATHS = NO;
				ASSETCATALOG_COMPILER_GENERATE_SWIFT_ASSET_SYMBOL_EXTENSIONS = YES;
				CLANG_ANALYZER_LOCALIZABILITY_NONLOCALIZED = YES;
				CLANG_ANALYZER_NONNULL = YES;
				CLANG_ANALYZER_NUMBER_OBJECT_CONVERSION = YES_AGGRESSIVE;
				CLANG_CXX_LANGUAGE_STANDARD = "gnu++20";
				CLANG_ENABLE_MODULES = YES;
				CLANG_ENABLE_OBJC_ARC = YES;
				CLANG_ENABLE_OBJC_WEAK = YES;
				CLANG_WARN_BLOCK_CAPTURE_AUTORELEASING = YES;
				CLANG_WARN_BOOL_CONVERSION = YES;
				CLANG_WARN_COMMA = YES;
				CLANG_WARN_CONSTANT_CONVERSION = YES;
				CLANG_WARN_DEPRECATED_OBJC_IMPLEMENTATIONS = YES;
				CLANG_WARN_DIRECT_OBJC_ISA_USAGE = YES_ERROR;
				CLANG_WARN_DOCUMENTATION_COMMENTS = YES;
				CLANG_WARN_EMPTY_BODY = YES;
				CLANG_WARN_ENUM_CONVERSION = YES;
				CLANG_WARN_INFINITE_RECURSION = YES;
				CLANG_WARN_INT_CONVERSION = YES;
				CLANG_WARN_NON_LITERAL_NULL_CONVERSION = YES;
				CLANG_WARN_OBJC_IMPLICIT_RETAIN_SELF = YES;
				CLANG_WARN_OBJC_LITERAL_CONVERSION = YES;
				CLANG_WARN_OBJC_ROOT_CLASS = YES_ERROR;
				CLANG_WARN_QUOTED_INCLUDE_IN_FRAMEWORK_HEADER = YES;
				CLANG_WARN_RANGE_LOOP_ANALYSIS = YES;
				CLANG_WARN_STRICT_PROTOTYPES = YES;
				CLANG_WARN_SUSPICIOUS_MOVE = YES;
				CLANG_WARN_UNGUARDED_AVAILABILITY = YES_AGGRESSIVE;
				CLANG_WARN_UNREACHABLE_CODE = YES;
				CLANG_WARN__DUPLICATE_METHOD_MATCH = YES;
				COPY_PHASE_STRIP = NO;
				DEBUG_INFORMATION_FORMAT = "dwarf-with-dsym";
				ENABLE_NS_ASSERTIONS = NO;
				ENABLE_STRICT_OBJC_MSGSEND = YES;
				ENABLE_USER_SCRIPT_SANDBOXING = YES;
				GCC_C_LANGUAGE_STANDARD = gnu17;
				GCC_NO_COMMON_BLOCKS = YES;
				GCC_WARN_64_TO_32_BIT_CONVERSION = YES;
				GCC_WARN_ABOUT_RETURN_TYPE = YES_ERROR;
				GCC_WARN_UNDECLARED_SELECTOR = YES;
				GCC_WARN_UNINITIALIZED_AUTOS = YES_AGGRESSIVE;
				GCC_WARN_UNUSED_FUNCTION = YES;
				GCC_WARN_UNUSED_VARIABLE = YES;
				IPHONEOS_DEPLOYMENT_TARGET = 13.4;
				LOCALIZATION_PREFERS_STRING_CATALOGS = YES;
				MTL_ENABLE_DEBUG_INFO = NO;
				MTL_FAST_MATH = YES;
				SDKROOT = iphoneos;
				SWIFT_COMPILATION_MODE = wholemodule;
				VALIDATE_PRODUCT = YES;
			};
			name = Release;
		};
		A43CDEB72B4C000F002D0064 /* Debug */ = {
			isa = XCBuildConfiguration;
			baseConfigurationReference = F68662646A3710FBEB5E5B23 /* Pods-Tracker.debug.xcconfig */;
			buildSettings = {
				ASSETCATALOG_COMPILER_APPICON_NAME = AppIcon;
				ASSETCATALOG_COMPILER_GLOBAL_ACCENT_COLOR_NAME = AccentColor;
				CODE_SIGN_STYLE = Automatic;
				CURRENT_PROJECT_VERSION = 1;
				DEVELOPMENT_TEAM = 82HCH9V652;
				ENABLE_USER_SCRIPT_SANDBOXING = NO;
				GENERATE_INFOPLIST_FILE = YES;
				INFOPLIST_FILE = Tracker/Info.plist;
				INFOPLIST_KEY_UIApplicationSupportsIndirectInputEvents = YES;
				INFOPLIST_KEY_UILaunchStoryboardName = LaunchScreen;
				INFOPLIST_KEY_UIStatusBarHidden = NO;
				INFOPLIST_KEY_UISupportedInterfaceOrientations = UIInterfaceOrientationPortrait;
				IPHONEOS_DEPLOYMENT_TARGET = 13.4;
				LD_RUNPATH_SEARCH_PATHS = (
					"$(inherited)",
					"@executable_path/Frameworks",
				);
				MARKETING_VERSION = 1.0;
				PRODUCT_BUNDLE_IDENTIFIER = com.tumbersa.Tracker;
				PRODUCT_NAME = "$(TARGET_NAME)";
				SUPPORTED_PLATFORMS = "iphoneos iphonesimulator";
				SUPPORTS_MACCATALYST = NO;
				SUPPORTS_MAC_DESIGNED_FOR_IPHONE_IPAD = NO;
				SUPPORTS_XR_DESIGNED_FOR_IPHONE_IPAD = NO;
				SWIFT_EMIT_LOC_STRINGS = YES;
				SWIFT_VERSION = 5.0;
				TARGETED_DEVICE_FAMILY = 1;
			};
			name = Debug;
		};
		A43CDEB82B4C000F002D0064 /* Release */ = {
			isa = XCBuildConfiguration;
			baseConfigurationReference = DB777CE7773EBAEDB99A800F /* Pods-Tracker.release.xcconfig */;
			buildSettings = {
				ASSETCATALOG_COMPILER_APPICON_NAME = AppIcon;
				ASSETCATALOG_COMPILER_GLOBAL_ACCENT_COLOR_NAME = AccentColor;
				CODE_SIGN_STYLE = Automatic;
				CURRENT_PROJECT_VERSION = 1;
				DEVELOPMENT_TEAM = 82HCH9V652;
				ENABLE_USER_SCRIPT_SANDBOXING = NO;
				GENERATE_INFOPLIST_FILE = YES;
				INFOPLIST_FILE = Tracker/Info.plist;
				INFOPLIST_KEY_UIApplicationSupportsIndirectInputEvents = YES;
				INFOPLIST_KEY_UILaunchStoryboardName = LaunchScreen;
				INFOPLIST_KEY_UIStatusBarHidden = NO;
				INFOPLIST_KEY_UISupportedInterfaceOrientations = UIInterfaceOrientationPortrait;
				IPHONEOS_DEPLOYMENT_TARGET = 13.4;
				LD_RUNPATH_SEARCH_PATHS = (
					"$(inherited)",
					"@executable_path/Frameworks",
				);
				MARKETING_VERSION = 1.0;
				PRODUCT_BUNDLE_IDENTIFIER = com.tumbersa.Tracker;
				PRODUCT_NAME = "$(TARGET_NAME)";
				SUPPORTED_PLATFORMS = "iphoneos iphonesimulator";
				SUPPORTS_MACCATALYST = NO;
				SUPPORTS_MAC_DESIGNED_FOR_IPHONE_IPAD = NO;
				SUPPORTS_XR_DESIGNED_FOR_IPHONE_IPAD = NO;
				SWIFT_EMIT_LOC_STRINGS = YES;
				SWIFT_VERSION = 5.0;
				TARGETED_DEVICE_FAMILY = 1;
			};
			name = Release;
		};
/* End XCBuildConfiguration section */

/* Begin XCConfigurationList section */
		A43CDE9D2B4C000E002D0064 /* Build configuration list for PBXProject "Tracker" */ = {
			isa = XCConfigurationList;
			buildConfigurations = (
				A43CDEB42B4C000F002D0064 /* Debug */,
				A43CDEB52B4C000F002D0064 /* Release */,
			);
			defaultConfigurationIsVisible = 0;
			defaultConfigurationName = Release;
		};
		A43CDEB62B4C000F002D0064 /* Build configuration list for PBXNativeTarget "Tracker" */ = {
			isa = XCConfigurationList;
			buildConfigurations = (
				A43CDEB72B4C000F002D0064 /* Debug */,
				A43CDEB82B4C000F002D0064 /* Release */,
			);
			defaultConfigurationIsVisible = 0;
			defaultConfigurationName = Release;
		};
/* End XCConfigurationList section */

/* Begin XCRemoteSwiftPackageReference section */
		A462D2D82B988DE900841EA5 /* XCRemoteSwiftPackageReference "SnapKit" */ = {
			isa = XCRemoteSwiftPackageReference;
			repositoryURL = "https://github.com/SnapKit/SnapKit";
			requirement = {
				kind = upToNextMajorVersion;
				minimumVersion = 5.7.1;
			};
		};
/* End XCRemoteSwiftPackageReference section */

/* Begin XCSwiftPackageProductDependency section */
		A462D2D92B988DE900841EA5 /* SnapKit */ = {
			isa = XCSwiftPackageProductDependency;
			package = A462D2D82B988DE900841EA5 /* XCRemoteSwiftPackageReference "SnapKit" */;
			productName = SnapKit;
		};
/* End XCSwiftPackageProductDependency section */

/* Begin XCVersionGroup section */
		A45176192B665A050036C113 /* Model.xcdatamodeld */ = {
			isa = XCVersionGroup;
			children = (
				A451761A2B665A050036C113 /* Model.xcdatamodel */,
			);
			currentVersion = A451761A2B665A050036C113 /* Model.xcdatamodel */;
			path = Model.xcdatamodeld;
			sourceTree = "<group>";
			versionGroupType = wrapper.xcdatamodel;
		};
/* End XCVersionGroup section */
	};
	rootObject = A43CDE9A2B4C000E002D0064 /* Project object */;
}
