// !$*UTF8*$!
{
	archiveVersion = 1;
	classes = {
	};
	objectVersion = 56;
	objects = {

/* Begin PBXBuildFile section */
		A422EBF32B4DB9BC00716981 /* TabBarController.swift in Sources */ = {isa = PBXBuildFile; fileRef = A422EBF22B4DB9BC00716981 /* TabBarController.swift */; };
		A422EBF52B4DBC0A00716981 /* StatisticsViewController.swift in Sources */ = {isa = PBXBuildFile; fileRef = A422EBF42B4DBC0A00716981 /* StatisticsViewController.swift */; };
		A422EBF92B4DC4B800716981 /* Tracker.swift in Sources */ = {isa = PBXBuildFile; fileRef = A422EBF82B4DC4B800716981 /* Tracker.swift */; };
		A422EBFC2B4DC7B300716981 /* UIView+Ext.swift in Sources */ = {isa = PBXBuildFile; fileRef = A422EBFB2B4DC7B300716981 /* UIView+Ext.swift */; };
		A425A2D62B59B4730060FDCF /* ScheduleViewController.swift in Sources */ = {isa = PBXBuildFile; fileRef = A425A2D52B59B4730060FDCF /* ScheduleViewController.swift */; };
		A425A2D82B59BA250060FDCF /* ScheduleTableViewCell.swift in Sources */ = {isa = PBXBuildFile; fileRef = A425A2D72B59BA250060FDCF /* ScheduleTableViewCell.swift */; };
		A433C9A42B594D5800D0BCC2 /* CreationTrackerViewController.swift in Sources */ = {isa = PBXBuildFile; fileRef = A433C9A32B594D5800D0BCC2 /* CreationTrackerViewController.swift */; };
		A43CDEA62B4C000E002D0064 /* AppDelegate.swift in Sources */ = {isa = PBXBuildFile; fileRef = A43CDEA52B4C000E002D0064 /* AppDelegate.swift */; };
		A43CDEA82B4C000E002D0064 /* SceneDelegate.swift in Sources */ = {isa = PBXBuildFile; fileRef = A43CDEA72B4C000E002D0064 /* SceneDelegate.swift */; };
		A43CDEAA2B4C000E002D0064 /* TrackersViewController.swift in Sources */ = {isa = PBXBuildFile; fileRef = A43CDEA92B4C000E002D0064 /* TrackersViewController.swift */; };
		A43CDEAF2B4C000F002D0064 /* Assets.xcassets in Resources */ = {isa = PBXBuildFile; fileRef = A43CDEAE2B4C000F002D0064 /* Assets.xcassets */; };
		A43CDEB22B4C000F002D0064 /* LaunchScreen.storyboard in Resources */ = {isa = PBXBuildFile; fileRef = A43CDEB02B4C000F002D0064 /* LaunchScreen.storyboard */; };
		A451761B2B665A050036C113 /* Model.xcdatamodeld in Sources */ = {isa = PBXBuildFile; fileRef = A45176192B665A050036C113 /* Model.xcdatamodeld */; };
		A451761F2B665CDE0036C113 /* DaysValueTransformer.swift in Sources */ = {isa = PBXBuildFile; fileRef = A451761E2B665CDE0036C113 /* DaysValueTransformer.swift */; };
		A45181742B52D5BB002B34C9 /* ModalChoiceViewController.swift in Sources */ = {isa = PBXBuildFile; fileRef = A45181732B52D5BB002B34C9 /* ModalChoiceViewController.swift */; };
		A45697222B694A4A008E9C9C /* CoreDataStack.swift in Sources */ = {isa = PBXBuildFile; fileRef = A45697212B694A4A008E9C9C /* CoreDataStack.swift */; };
		A45839032B5329260066E02A /* Date+Ext.swift in Sources */ = {isa = PBXBuildFile; fileRef = A45839022B5329260066E02A /* Date+Ext.swift */; };
		A461054C2B624B9100E92C61 /* IconPaletteResources.swift in Sources */ = {isa = PBXBuildFile; fileRef = A461054B2B624B9100E92C61 /* IconPaletteResources.swift */; };
		A4A05ADC2B5ADDEA00809D16 /* DaysOfWeek.swift in Sources */ = {isa = PBXBuildFile; fileRef = A4A05ADB2B5ADDEA00809D16 /* DaysOfWeek.swift */; };
		A4A05ADE2B5AE0A600809D16 /* MockData.swift in Sources */ = {isa = PBXBuildFile; fileRef = A4A05ADD2B5AE0A600809D16 /* MockData.swift */; };
		A4A111702B625F4E0080B57A /* IconPalleteCollectionViewCell.swift in Sources */ = {isa = PBXBuildFile; fileRef = A4A1116F2B625F4E0080B57A /* IconPalleteCollectionViewCell.swift */; };
		A4BE1E372B6FAB0000861B42 /* Store.swift in Sources */ = {isa = PBXBuildFile; fileRef = A4BE1E362B6FAB0000861B42 /* Store.swift */; };
		A4BE1E392B6FAB6A00861B42 /* UIColorMarshalling.swift in Sources */ = {isa = PBXBuildFile; fileRef = A4BE1E382B6FAB6A00861B42 /* UIColorMarshalling.swift */; };
		A4D368202B528FB200BFD1EA /* TrackerCollectionViewCell.swift in Sources */ = {isa = PBXBuildFile; fileRef = A4D3681F2B528FB200BFD1EA /* TrackerCollectionViewCell.swift */; };
		A4D368222B52A16900BFD1EA /* TrackerSupplementaryView.swift in Sources */ = {isa = PBXBuildFile; fileRef = A4D368212B52A16900BFD1EA /* TrackerSupplementaryView.swift */; };
		A4DC7E5A2B628D8300FC6DD4 /* IconPaletteColorCollectionViewCell.swift in Sources */ = {isa = PBXBuildFile; fileRef = A4DC7E592B628D8300FC6DD4 /* IconPaletteColorCollectionViewCell.swift */; };
		A4E9D5292B4FCFF1002FCDDC /* TrackerCategory.swift in Sources */ = {isa = PBXBuildFile; fileRef = A4E9D5282B4FCFF1002FCDDC /* TrackerCategory.swift */; };
		A4E9D52B2B4FD010002FCDDC /* TrackerRecord.swift in Sources */ = {isa = PBXBuildFile; fileRef = A4E9D52A2B4FD010002FCDDC /* TrackerRecord.swift */; };
/* End PBXBuildFile section */

/* Begin PBXFileReference section */
		A422EBF22B4DB9BC00716981 /* TabBarController.swift */ = {isa = PBXFileReference; lastKnownFileType = sourcecode.swift; path = TabBarController.swift; sourceTree = "<group>"; };
		A422EBF42B4DBC0A00716981 /* StatisticsViewController.swift */ = {isa = PBXFileReference; lastKnownFileType = sourcecode.swift; path = StatisticsViewController.swift; sourceTree = "<group>"; };
		A422EBF82B4DC4B800716981 /* Tracker.swift */ = {isa = PBXFileReference; lastKnownFileType = sourcecode.swift; path = Tracker.swift; sourceTree = "<group>"; };
		A422EBFB2B4DC7B300716981 /* UIView+Ext.swift */ = {isa = PBXFileReference; lastKnownFileType = sourcecode.swift; path = "UIView+Ext.swift"; sourceTree = "<group>"; };
		A425A2D52B59B4730060FDCF /* ScheduleViewController.swift */ = {isa = PBXFileReference; lastKnownFileType = sourcecode.swift; path = ScheduleViewController.swift; sourceTree = "<group>"; };
		A425A2D72B59BA250060FDCF /* ScheduleTableViewCell.swift */ = {isa = PBXFileReference; lastKnownFileType = sourcecode.swift; path = ScheduleTableViewCell.swift; sourceTree = "<group>"; };
		A433C9A32B594D5800D0BCC2 /* CreationTrackerViewController.swift */ = {isa = PBXFileReference; lastKnownFileType = sourcecode.swift; path = CreationTrackerViewController.swift; sourceTree = "<group>"; };
		A43CDEA22B4C000E002D0064 /* Tracker.app */ = {isa = PBXFileReference; explicitFileType = wrapper.application; includeInIndex = 0; path = Tracker.app; sourceTree = BUILT_PRODUCTS_DIR; };
		A43CDEA52B4C000E002D0064 /* AppDelegate.swift */ = {isa = PBXFileReference; lastKnownFileType = sourcecode.swift; path = AppDelegate.swift; sourceTree = "<group>"; };
		A43CDEA72B4C000E002D0064 /* SceneDelegate.swift */ = {isa = PBXFileReference; lastKnownFileType = sourcecode.swift; path = SceneDelegate.swift; sourceTree = "<group>"; };
		A43CDEA92B4C000E002D0064 /* TrackersViewController.swift */ = {isa = PBXFileReference; lastKnownFileType = sourcecode.swift; path = TrackersViewController.swift; sourceTree = "<group>"; };
		A43CDEAE2B4C000F002D0064 /* Assets.xcassets */ = {isa = PBXFileReference; lastKnownFileType = folder.assetcatalog; path = Assets.xcassets; sourceTree = "<group>"; };
		A43CDEB12B4C000F002D0064 /* Base */ = {isa = PBXFileReference; lastKnownFileType = file.storyboard; name = Base; path = Base.lproj/LaunchScreen.storyboard; sourceTree = "<group>"; };
		A43CDEB32B4C000F002D0064 /* Info.plist */ = {isa = PBXFileReference; lastKnownFileType = text.plist.xml; path = Info.plist; sourceTree = "<group>"; };
		A451761A2B665A050036C113 /* Model.xcdatamodel */ = {isa = PBXFileReference; lastKnownFileType = wrapper.xcdatamodel; path = Model.xcdatamodel; sourceTree = "<group>"; };
		A451761E2B665CDE0036C113 /* DaysValueTransformer.swift */ = {isa = PBXFileReference; lastKnownFileType = sourcecode.swift; path = DaysValueTransformer.swift; sourceTree = "<group>"; };
		A45181732B52D5BB002B34C9 /* ModalChoiceViewController.swift */ = {isa = PBXFileReference; lastKnownFileType = sourcecode.swift; path = ModalChoiceViewController.swift; sourceTree = "<group>"; };
		A45697212B694A4A008E9C9C /* CoreDataStack.swift */ = {isa = PBXFileReference; lastKnownFileType = sourcecode.swift; path = CoreDataStack.swift; sourceTree = "<group>"; };
		A45839022B5329260066E02A /* Date+Ext.swift */ = {isa = PBXFileReference; lastKnownFileType = sourcecode.swift; path = "Date+Ext.swift"; sourceTree = "<group>"; };
		A461054B2B624B9100E92C61 /* IconPaletteResources.swift */ = {isa = PBXFileReference; lastKnownFileType = sourcecode.swift; path = IconPaletteResources.swift; sourceTree = "<group>"; };
		A4A05ADB2B5ADDEA00809D16 /* DaysOfWeek.swift */ = {isa = PBXFileReference; lastKnownFileType = sourcecode.swift; path = DaysOfWeek.swift; sourceTree = "<group>"; };
		A4A05ADD2B5AE0A600809D16 /* MockData.swift */ = {isa = PBXFileReference; lastKnownFileType = sourcecode.swift; path = MockData.swift; sourceTree = "<group>"; };
		A4A1116F2B625F4E0080B57A /* IconPalleteCollectionViewCell.swift */ = {isa = PBXFileReference; lastKnownFileType = sourcecode.swift; path = IconPalleteCollectionViewCell.swift; sourceTree = "<group>"; };
		A4BE1E362B6FAB0000861B42 /* Store.swift */ = {isa = PBXFileReference; lastKnownFileType = sourcecode.swift; path = Store.swift; sourceTree = "<group>"; };
		A4BE1E382B6FAB6A00861B42 /* UIColorMarshalling.swift */ = {isa = PBXFileReference; lastKnownFileType = sourcecode.swift; path = UIColorMarshalling.swift; sourceTree = "<group>"; };
		A4D3681F2B528FB200BFD1EA /* TrackerCollectionViewCell.swift */ = {isa = PBXFileReference; lastKnownFileType = sourcecode.swift; path = TrackerCollectionViewCell.swift; sourceTree = "<group>"; };
		A4D368212B52A16900BFD1EA /* TrackerSupplementaryView.swift */ = {isa = PBXFileReference; lastKnownFileType = sourcecode.swift; path = TrackerSupplementaryView.swift; sourceTree = "<group>"; };
		A4DC7E592B628D8300FC6DD4 /* IconPaletteColorCollectionViewCell.swift */ = {isa = PBXFileReference; lastKnownFileType = sourcecode.swift; path = IconPaletteColorCollectionViewCell.swift; sourceTree = "<group>"; };
		A4E9D5282B4FCFF1002FCDDC /* TrackerCategory.swift */ = {isa = PBXFileReference; lastKnownFileType = sourcecode.swift; path = TrackerCategory.swift; sourceTree = "<group>"; };
		A4E9D52A2B4FD010002FCDDC /* TrackerRecord.swift */ = {isa = PBXFileReference; lastKnownFileType = sourcecode.swift; path = TrackerRecord.swift; sourceTree = "<group>"; };
/* End PBXFileReference section */

/* Begin PBXFrameworksBuildPhase section */
		A43CDE9F2B4C000E002D0064 /* Frameworks */ = {
			isa = PBXFrameworksBuildPhase;
			buildActionMask = 2147483647;
			files = (
			);
			runOnlyForDeploymentPostprocessing = 0;
		};
/* End PBXFrameworksBuildPhase section */

/* Begin PBXGroup section */
		A422EBF12B4DAEAB00716981 /* Support */ = {
			isa = PBXGroup;
			children = (
				A43CDEA52B4C000E002D0064 /* AppDelegate.swift */,
				A43CDEA72B4C000E002D0064 /* SceneDelegate.swift */,
				A43CDEAE2B4C000F002D0064 /* Assets.xcassets */,
				A43CDEB02B4C000F002D0064 /* LaunchScreen.storyboard */,
			);
			path = Support;
			sourceTree = "<group>";
		};
		A422EBF62B4DBC5F00716981 /* Views & VCs */ = {
			isa = PBXGroup;
			children = (
				A433C9A82B594E0800D0BCC2 /* Views */,
				A433C9A72B594DFD00D0BCC2 /* Cells */,
				A433C9A62B594DCF00D0BCC2 /* VCs */,
				A433C9A52B594D9C00D0BCC2 /* TabBarControllers */,
			);
			path = "Views & VCs";
			sourceTree = "<group>";
		};
		A422EBF72B4DBC7E00716981 /* Screens */ = {
			isa = PBXGroup;
			children = (
				A43CDEA92B4C000E002D0064 /* TrackersViewController.swift */,
				A422EBF42B4DBC0A00716981 /* StatisticsViewController.swift */,
			);
			path = Screens;
			sourceTree = "<group>";
		};
		A422EBFA2B4DC7A900716981 /* Extensions */ = {
			isa = PBXGroup;
			children = (
				A422EBFB2B4DC7B300716981 /* UIView+Ext.swift */,
				A45839022B5329260066E02A /* Date+Ext.swift */,
			);
			path = Extensions;
			sourceTree = "<group>";
		};
		A422EBFF2B4DCB8400716981 /* Models */ = {
			isa = PBXGroup;
			children = (
				A422EBF82B4DC4B800716981 /* Tracker.swift */,
				A4E9D5282B4FCFF1002FCDDC /* TrackerCategory.swift */,
				A4E9D52A2B4FD010002FCDDC /* TrackerRecord.swift */,
				A4A05ADB2B5ADDEA00809D16 /* DaysOfWeek.swift */,
				A4A05ADD2B5AE0A600809D16 /* MockData.swift */,
				A461054B2B624B9100E92C61 /* IconPaletteResources.swift */,
			);
			path = Models;
			sourceTree = "<group>";
		};
		A433C9A52B594D9C00D0BCC2 /* TabBarControllers */ = {
			isa = PBXGroup;
			children = (
				A422EBF22B4DB9BC00716981 /* TabBarController.swift */,
			);
			path = TabBarControllers;
			sourceTree = "<group>";
		};
		A433C9A62B594DCF00D0BCC2 /* VCs */ = {
			isa = PBXGroup;
			children = (
				A433C9A32B594D5800D0BCC2 /* CreationTrackerViewController.swift */,
				A45181732B52D5BB002B34C9 /* ModalChoiceViewController.swift */,
				A425A2D52B59B4730060FDCF /* ScheduleViewController.swift */,
			);
			path = VCs;
			sourceTree = "<group>";
		};
		A433C9A72B594DFD00D0BCC2 /* Cells */ = {
			isa = PBXGroup;
			children = (
				A425A2D72B59BA250060FDCF /* ScheduleTableViewCell.swift */,
				A4D3681F2B528FB200BFD1EA /* TrackerCollectionViewCell.swift */,
				A4A1116F2B625F4E0080B57A /* IconPalleteCollectionViewCell.swift */,
				A4DC7E592B628D8300FC6DD4 /* IconPaletteColorCollectionViewCell.swift */,
			);
			path = Cells;
			sourceTree = "<group>";
		};
		A433C9A82B594E0800D0BCC2 /* Views */ = {
			isa = PBXGroup;
			children = (
				A4D368212B52A16900BFD1EA /* TrackerSupplementaryView.swift */,
			);
			path = Views;
			sourceTree = "<group>";
		};
		A43CDE992B4C000E002D0064 = {
			isa = PBXGroup;
			children = (
				A43CDEA42B4C000E002D0064 /* Tracker */,
				A43CDEA32B4C000E002D0064 /* Products */,
			);
			sourceTree = "<group>";
		};
		A43CDEA32B4C000E002D0064 /* Products */ = {
			isa = PBXGroup;
			children = (
				A43CDEA22B4C000E002D0064 /* Tracker.app */,
			);
			name = Products;
			sourceTree = "<group>";
		};
		A43CDEA42B4C000E002D0064 /* Tracker */ = {
			isa = PBXGroup;
			children = (
				A451761D2B665CD20036C113 /* Utilities */,
				A451761C2B665A120036C113 /* Core Data */,
				A422EBFF2B4DCB8400716981 /* Models */,
				A422EBFA2B4DC7A900716981 /* Extensions */,
				A422EBF72B4DBC7E00716981 /* Screens */,
				A422EBF62B4DBC5F00716981 /* Views & VCs */,
				A422EBF12B4DAEAB00716981 /* Support */,
				A43CDEB32B4C000F002D0064 /* Info.plist */,
			);
			path = Tracker;
			sourceTree = "<group>";
		};
		A451761C2B665A120036C113 /* Core Data */ = {
			isa = PBXGroup;
			children = (
				A45176192B665A050036C113 /* Model.xcdatamodeld */,
				A45697212B694A4A008E9C9C /* CoreDataStack.swift */,
				A4BE1E362B6FAB0000861B42 /* Store.swift */,
			);
			path = "Core Data";
			sourceTree = "<group>";
		};
		A451761D2B665CD20036C113 /* Utilities */ = {
			isa = PBXGroup;
			children = (
				A4BE1E382B6FAB6A00861B42 /* UIColorMarshalling.swift */,
				A451761E2B665CDE0036C113 /* DaysValueTransformer.swift */,
			);
			path = Utilities;
			sourceTree = "<group>";
		};
/* End PBXGroup section */

/* Begin PBXNativeTarget section */
		A43CDEA12B4C000E002D0064 /* Tracker */ = {
			isa = PBXNativeTarget;
			buildConfigurationList = A43CDEB62B4C000F002D0064 /* Build configuration list for PBXNativeTarget "Tracker" */;
			buildPhases = (
				A43CDE9E2B4C000E002D0064 /* Sources */,
				A43CDE9F2B4C000E002D0064 /* Frameworks */,
				A43CDEA02B4C000E002D0064 /* Resources */,
			);
			buildRules = (
			);
			dependencies = (
			);
			name = Tracker;
			productName = Tracker;
			productReference = A43CDEA22B4C000E002D0064 /* Tracker.app */;
			productType = "com.apple.product-type.application";
		};
/* End PBXNativeTarget section */

/* Begin PBXProject section */
		A43CDE9A2B4C000E002D0064 /* Project object */ = {
			isa = PBXProject;
			attributes = {
				BuildIndependentTargetsInParallel = 1;
				LastSwiftUpdateCheck = 1510;
				LastUpgradeCheck = 1510;
				TargetAttributes = {
					A43CDEA12B4C000E002D0064 = {
						CreatedOnToolsVersion = 15.1;
					};
				};
			};
			buildConfigurationList = A43CDE9D2B4C000E002D0064 /* Build configuration list for PBXProject "Tracker" */;
			compatibilityVersion = "Xcode 14.0";
			developmentRegion = en;
			hasScannedForEncodings = 0;
			knownRegions = (
				en,
				Base,
			);
			mainGroup = A43CDE992B4C000E002D0064;
			productRefGroup = A43CDEA32B4C000E002D0064 /* Products */;
			projectDirPath = "";
			projectRoot = "";
			targets = (
				A43CDEA12B4C000E002D0064 /* Tracker */,
			);
		};
/* End PBXProject section */

/* Begin PBXResourcesBuildPhase section */
		A43CDEA02B4C000E002D0064 /* Resources */ = {
			isa = PBXResourcesBuildPhase;
			buildActionMask = 2147483647;
			files = (
				A43CDEB22B4C000F002D0064 /* LaunchScreen.storyboard in Resources */,
				A43CDEAF2B4C000F002D0064 /* Assets.xcassets in Resources */,
			);
			runOnlyForDeploymentPostprocessing = 0;
		};
/* End PBXResourcesBuildPhase section */

/* Begin PBXSourcesBuildPhase section */
		A43CDE9E2B4C000E002D0064 /* Sources */ = {
			isa = PBXSourcesBuildPhase;
			buildActionMask = 2147483647;
			files = (
				A425A2D62B59B4730060FDCF /* ScheduleViewController.swift in Sources */,
				A4D368202B528FB200BFD1EA /* TrackerCollectionViewCell.swift in Sources */,
				A422EBF92B4DC4B800716981 /* Tracker.swift in Sources */,
				A43CDEAA2B4C000E002D0064 /* TrackersViewController.swift in Sources */,
				A4E9D5292B4FCFF1002FCDDC /* TrackerCategory.swift in Sources */,
				A4BE1E372B6FAB0000861B42 /* Store.swift in Sources */,
				A4A111702B625F4E0080B57A /* IconPalleteCollectionViewCell.swift in Sources */,
				A45839032B5329260066E02A /* Date+Ext.swift in Sources */,
				A422EBFC2B4DC7B300716981 /* UIView+Ext.swift in Sources */,
				A4A05ADC2B5ADDEA00809D16 /* DaysOfWeek.swift in Sources */,
				A451761B2B665A050036C113 /* Model.xcdatamodeld in Sources */,
				A451761F2B665CDE0036C113 /* DaysValueTransformer.swift in Sources */,
				A4D368222B52A16900BFD1EA /* TrackerSupplementaryView.swift in Sources */,
				A422EBF52B4DBC0A00716981 /* StatisticsViewController.swift in Sources */,
				A4E9D52B2B4FD010002FCDDC /* TrackerRecord.swift in Sources */,
				A43CDEA62B4C000E002D0064 /* AppDelegate.swift in Sources */,
				A45697222B694A4A008E9C9C /* CoreDataStack.swift in Sources */,
				A433C9A42B594D5800D0BCC2 /* CreationTrackerViewController.swift in Sources */,
				A4A05ADE2B5AE0A600809D16 /* MockData.swift in Sources */,
				A422EBF32B4DB9BC00716981 /* TabBarController.swift in Sources */,
				A4BE1E392B6FAB6A00861B42 /* UIColorMarshalling.swift in Sources */,
				A43CDEA82B4C000E002D0064 /* SceneDelegate.swift in Sources */,
				A45181742B52D5BB002B34C9 /* ModalChoiceViewController.swift in Sources */,
				A4DC7E5A2B628D8300FC6DD4 /* IconPaletteColorCollectionViewCell.swift in Sources */,
				A461054C2B624B9100E92C61 /* IconPaletteResources.swift in Sources */,
				A425A2D82B59BA250060FDCF /* ScheduleTableViewCell.swift in Sources */,
			);
			runOnlyForDeploymentPostprocessing = 0;
		};
/* End PBXSourcesBuildPhase section */

/* Begin PBXVariantGroup section */
		A43CDEB02B4C000F002D0064 /* LaunchScreen.storyboard */ = {
			isa = PBXVariantGroup;
			children = (
				A43CDEB12B4C000F002D0064 /* Base */,
			);
			name = LaunchScreen.storyboard;
			sourceTree = "<group>";
		};
/* End PBXVariantGroup section */

/* Begin XCBuildConfiguration section */
		A43CDEB42B4C000F002D0064 /* Debug */ = {
			isa = XCBuildConfiguration;
			buildSettings = {
				ALWAYS_SEARCH_USER_PATHS = NO;
				ASSETCATALOG_COMPILER_GENERATE_SWIFT_ASSET_SYMBOL_EXTENSIONS = YES;
				CLANG_ANALYZER_NONNULL = YES;
				CLANG_ANALYZER_NUMBER_OBJECT_CONVERSION = YES_AGGRESSIVE;
				CLANG_CXX_LANGUAGE_STANDARD = "gnu++20";
				CLANG_ENABLE_MODULES = YES;
				CLANG_ENABLE_OBJC_ARC = YES;
				CLANG_ENABLE_OBJC_WEAK = YES;
				CLANG_WARN_BLOCK_CAPTURE_AUTORELEASING = YES;
				CLANG_WARN_BOOL_CONVERSION = YES;
				CLANG_WARN_COMMA = YES;
				CLANG_WARN_CONSTANT_CONVERSION = YES;
				CLANG_WARN_DEPRECATED_OBJC_IMPLEMENTATIONS = YES;
				CLANG_WARN_DIRECT_OBJC_ISA_USAGE = YES_ERROR;
				CLANG_WARN_DOCUMENTATION_COMMENTS = YES;
				CLANG_WARN_EMPTY_BODY = YES;
				CLANG_WARN_ENUM_CONVERSION = YES;
				CLANG_WARN_INFINITE_RECURSION = YES;
				CLANG_WARN_INT_CONVERSION = YES;
				CLANG_WARN_NON_LITERAL_NULL_CONVERSION = YES;
				CLANG_WARN_OBJC_IMPLICIT_RETAIN_SELF = YES;
				CLANG_WARN_OBJC_LITERAL_CONVERSION = YES;
				CLANG_WARN_OBJC_ROOT_CLASS = YES_ERROR;
				CLANG_WARN_QUOTED_INCLUDE_IN_FRAMEWORK_HEADER = YES;
				CLANG_WARN_RANGE_LOOP_ANALYSIS = YES;
				CLANG_WARN_STRICT_PROTOTYPES = YES;
				CLANG_WARN_SUSPICIOUS_MOVE = YES;
				CLANG_WARN_UNGUARDED_AVAILABILITY = YES_AGGRESSIVE;
				CLANG_WARN_UNREACHABLE_CODE = YES;
				CLANG_WARN__DUPLICATE_METHOD_MATCH = YES;
				COPY_PHASE_STRIP = NO;
				DEBUG_INFORMATION_FORMAT = dwarf;
				ENABLE_STRICT_OBJC_MSGSEND = YES;
				ENABLE_TESTABILITY = YES;
				ENABLE_USER_SCRIPT_SANDBOXING = YES;
				GCC_C_LANGUAGE_STANDARD = gnu17;
				GCC_DYNAMIC_NO_PIC = NO;
				GCC_NO_COMMON_BLOCKS = YES;
				GCC_OPTIMIZATION_LEVEL = 0;
				GCC_PREPROCESSOR_DEFINITIONS = (
					"DEBUG=1",
					"$(inherited)",
				);
				GCC_WARN_64_TO_32_BIT_CONVERSION = YES;
				GCC_WARN_ABOUT_RETURN_TYPE = YES_ERROR;
				GCC_WARN_UNDECLARED_SELECTOR = YES;
				GCC_WARN_UNINITIALIZED_AUTOS = YES_AGGRESSIVE;
				GCC_WARN_UNUSED_FUNCTION = YES;
				GCC_WARN_UNUSED_VARIABLE = YES;
				IPHONEOS_DEPLOYMENT_TARGET = 13.4;
				LOCALIZATION_PREFERS_STRING_CATALOGS = YES;
				MTL_ENABLE_DEBUG_INFO = INCLUDE_SOURCE;
				MTL_FAST_MATH = YES;
				ONLY_ACTIVE_ARCH = YES;
				SDKROOT = iphoneos;
				SWIFT_ACTIVE_COMPILATION_CONDITIONS = "DEBUG $(inherited)";
				SWIFT_OPTIMIZATION_LEVEL = "-Onone";
			};
			name = Debug;
		};
		A43CDEB52B4C000F002D0064 /* Release */ = {
			isa = XCBuildConfiguration;
			buildSettings = {
				ALWAYS_SEARCH_USER_PATHS = NO;
				ASSETCATALOG_COMPILER_GENERATE_SWIFT_ASSET_SYMBOL_EXTENSIONS = YES;
				CLANG_ANALYZER_NONNULL = YES;
				CLANG_ANALYZER_NUMBER_OBJECT_CONVERSION = YES_AGGRESSIVE;
				CLANG_CXX_LANGUAGE_STANDARD = "gnu++20";
				CLANG_ENABLE_MODULES = YES;
				CLANG_ENABLE_OBJC_ARC = YES;
				CLANG_ENABLE_OBJC_WEAK = YES;
				CLANG_WARN_BLOCK_CAPTURE_AUTORELEASING = YES;
				CLANG_WARN_BOOL_CONVERSION = YES;
				CLANG_WARN_COMMA = YES;
				CLANG_WARN_CONSTANT_CONVERSION = YES;
				CLANG_WARN_DEPRECATED_OBJC_IMPLEMENTATIONS = YES;
				CLANG_WARN_DIRECT_OBJC_ISA_USAGE = YES_ERROR;
				CLANG_WARN_DOCUMENTATION_COMMENTS = YES;
				CLANG_WARN_EMPTY_BODY = YES;
				CLANG_WARN_ENUM_CONVERSION = YES;
				CLANG_WARN_INFINITE_RECURSION = YES;
				CLANG_WARN_INT_CONVERSION = YES;
				CLANG_WARN_NON_LITERAL_NULL_CONVERSION = YES;
				CLANG_WARN_OBJC_IMPLICIT_RETAIN_SELF = YES;
				CLANG_WARN_OBJC_LITERAL_CONVERSION = YES;
				CLANG_WARN_OBJC_ROOT_CLASS = YES_ERROR;
				CLANG_WARN_QUOTED_INCLUDE_IN_FRAMEWORK_HEADER = YES;
				CLANG_WARN_RANGE_LOOP_ANALYSIS = YES;
				CLANG_WARN_STRICT_PROTOTYPES = YES;
				CLANG_WARN_SUSPICIOUS_MOVE = YES;
				CLANG_WARN_UNGUARDED_AVAILABILITY = YES_AGGRESSIVE;
				CLANG_WARN_UNREACHABLE_CODE = YES;
				CLANG_WARN__DUPLICATE_METHOD_MATCH = YES;
				COPY_PHASE_STRIP = NO;
				DEBUG_INFORMATION_FORMAT = "dwarf-with-dsym";
				ENABLE_NS_ASSERTIONS = NO;
				ENABLE_STRICT_OBJC_MSGSEND = YES;
				ENABLE_USER_SCRIPT_SANDBOXING = YES;
				GCC_C_LANGUAGE_STANDARD = gnu17;
				GCC_NO_COMMON_BLOCKS = YES;
				GCC_WARN_64_TO_32_BIT_CONVERSION = YES;
				GCC_WARN_ABOUT_RETURN_TYPE = YES_ERROR;
				GCC_WARN_UNDECLARED_SELECTOR = YES;
				GCC_WARN_UNINITIALIZED_AUTOS = YES_AGGRESSIVE;
				GCC_WARN_UNUSED_FUNCTION = YES;
				GCC_WARN_UNUSED_VARIABLE = YES;
				IPHONEOS_DEPLOYMENT_TARGET = 13.4;
				LOCALIZATION_PREFERS_STRING_CATALOGS = YES;
				MTL_ENABLE_DEBUG_INFO = NO;
				MTL_FAST_MATH = YES;
				SDKROOT = iphoneos;
				SWIFT_COMPILATION_MODE = wholemodule;
				VALIDATE_PRODUCT = YES;
			};
			name = Release;
		};
		A43CDEB72B4C000F002D0064 /* Debug */ = {
			isa = XCBuildConfiguration;
			buildSettings = {
				ASSETCATALOG_COMPILER_APPICON_NAME = AppIcon;
				ASSETCATALOG_COMPILER_GLOBAL_ACCENT_COLOR_NAME = AccentColor;
				CODE_SIGN_STYLE = Automatic;
				CURRENT_PROJECT_VERSION = 1;
				DEVELOPMENT_TEAM = 82HCH9V652;
				GENERATE_INFOPLIST_FILE = YES;
				INFOPLIST_FILE = Tracker/Info.plist;
				INFOPLIST_KEY_UIApplicationSupportsIndirectInputEvents = YES;
				INFOPLIST_KEY_UILaunchStoryboardName = LaunchScreen;
				INFOPLIST_KEY_UIStatusBarHidden = NO;
				INFOPLIST_KEY_UISupportedInterfaceOrientations = UIInterfaceOrientationPortrait;
				IPHONEOS_DEPLOYMENT_TARGET = 13.4;
				LD_RUNPATH_SEARCH_PATHS = (
					"$(inherited)",
					"@executable_path/Frameworks",
				);
				MARKETING_VERSION = 1.0;
				PRODUCT_BUNDLE_IDENTIFIER = com.tumbersa.Tracker;
				PRODUCT_NAME = "$(TARGET_NAME)";
				SUPPORTED_PLATFORMS = "iphoneos iphonesimulator";
				SUPPORTS_MACCATALYST = NO;
				SUPPORTS_MAC_DESIGNED_FOR_IPHONE_IPAD = NO;
				SUPPORTS_XR_DESIGNED_FOR_IPHONE_IPAD = NO;
				SWIFT_EMIT_LOC_STRINGS = YES;
				SWIFT_VERSION = 5.0;
				TARGETED_DEVICE_FAMILY = 1;
			};
			name = Debug;
		};
		A43CDEB82B4C000F002D0064 /* Release */ = {
			isa = XCBuildConfiguration;
			buildSettings = {
				ASSETCATALOG_COMPILER_APPICON_NAME = AppIcon;
				ASSETCATALOG_COMPILER_GLOBAL_ACCENT_COLOR_NAME = AccentColor;
				CODE_SIGN_STYLE = Automatic;
				CURRENT_PROJECT_VERSION = 1;
				DEVELOPMENT_TEAM = 82HCH9V652;
				GENERATE_INFOPLIST_FILE = YES;
				INFOPLIST_FILE = Tracker/Info.plist;
				INFOPLIST_KEY_UIApplicationSupportsIndirectInputEvents = YES;
				INFOPLIST_KEY_UILaunchStoryboardName = LaunchScreen;
				INFOPLIST_KEY_UIStatusBarHidden = NO;
				INFOPLIST_KEY_UISupportedInterfaceOrientations = UIInterfaceOrientationPortrait;
				IPHONEOS_DEPLOYMENT_TARGET = 13.4;
				LD_RUNPATH_SEARCH_PATHS = (
					"$(inherited)",
					"@executable_path/Frameworks",
				);
				MARKETING_VERSION = 1.0;
				PRODUCT_BUNDLE_IDENTIFIER = com.tumbersa.Tracker;
				PRODUCT_NAME = "$(TARGET_NAME)";
				SUPPORTED_PLATFORMS = "iphoneos iphonesimulator";
				SUPPORTS_MACCATALYST = NO;
				SUPPORTS_MAC_DESIGNED_FOR_IPHONE_IPAD = NO;
				SUPPORTS_XR_DESIGNED_FOR_IPHONE_IPAD = NO;
				SWIFT_EMIT_LOC_STRINGS = YES;
				SWIFT_VERSION = 5.0;
				TARGETED_DEVICE_FAMILY = 1;
			};
			name = Release;
		};
/* End XCBuildConfiguration section */

/* Begin XCConfigurationList section */
		A43CDE9D2B4C000E002D0064 /* Build configuration list for PBXProject "Tracker" */ = {
			isa = XCConfigurationList;
			buildConfigurations = (
				A43CDEB42B4C000F002D0064 /* Debug */,
				A43CDEB52B4C000F002D0064 /* Release */,
			);
			defaultConfigurationIsVisible = 0;
			defaultConfigurationName = Release;
		};
		A43CDEB62B4C000F002D0064 /* Build configuration list for PBXNativeTarget "Tracker" */ = {
			isa = XCConfigurationList;
			buildConfigurations = (
				A43CDEB72B4C000F002D0064 /* Debug */,
				A43CDEB82B4C000F002D0064 /* Release */,
			);
			defaultConfigurationIsVisible = 0;
			defaultConfigurationName = Release;
		};
/* End XCConfigurationList section */

/* Begin XCVersionGroup section */
		A45176192B665A050036C113 /* Model.xcdatamodeld */ = {
			isa = XCVersionGroup;
			children = (
				A451761A2B665A050036C113 /* Model.xcdatamodel */,
			);
			currentVersion = A451761A2B665A050036C113 /* Model.xcdatamodel */;
			path = Model.xcdatamodeld;
			sourceTree = "<group>";
			versionGroupType = wrapper.xcdatamodel;
		};
/* End XCVersionGroup section */
	};
	rootObject = A43CDE9A2B4C000E002D0064 /* Project object */;
}
